// !$*UTF8*$!
{
	archiveVersion = 1;
	classes = {
	};
	objectVersion = 55;
	objects = {

/* Begin PBXBuildFile section */
		6F4ED9D770F0131DC72FE078 /* Pods_TasksTests.framework in Frameworks */ = {isa = PBXBuildFile; fileRef = D24BC4842F987E13E0449956 /* Pods_TasksTests.framework */; };
		8476B87944DA06A9C2969CC0 /* Pods_Tasks.framework in Frameworks */ = {isa = PBXBuildFile; fileRef = A107DCD3420985C97AD00BCE /* Pods_Tasks.framework */; };
		AB1BCF6E27AED89F0011E88C /* TasksTVCell.swift in Sources */ = {isa = PBXBuildFile; fileRef = AB1BCF6D27AED89F0011E88C /* TasksTVCell.swift */; };
		AB1BCF7227AEE1B00011E88C /* ROTasks.swift in Sources */ = {isa = PBXBuildFile; fileRef = AB1BCF7127AEE1B00011E88C /* ROTasks.swift */; };
		AB1BCF7427AEE2090011E88C /* RMTasks.swift in Sources */ = {isa = PBXBuildFile; fileRef = AB1BCF7327AEE2090011E88C /* RMTasks.swift */; };
		AB1BCF7627AEF6EE0011E88C /* EditTaskVC.swift in Sources */ = {isa = PBXBuildFile; fileRef = AB1BCF7527AEF6EE0011E88C /* EditTaskVC.swift */; };
		ABBF53BA27AE9CE400337575 /* AppDelegate.swift in Sources */ = {isa = PBXBuildFile; fileRef = ABBF53B927AE9CE400337575 /* AppDelegate.swift */; };
		ABBF53BE27AE9CE400337575 /* ViewController.swift in Sources */ = {isa = PBXBuildFile; fileRef = ABBF53BD27AE9CE400337575 /* ViewController.swift */; };
		ABBF53C127AE9CE400337575 /* Main.storyboard in Resources */ = {isa = PBXBuildFile; fileRef = ABBF53BF27AE9CE400337575 /* Main.storyboard */; };
		ABBF53C327AE9CE800337575 /* Assets.xcassets in Resources */ = {isa = PBXBuildFile; fileRef = ABBF53C227AE9CE800337575 /* Assets.xcassets */; };
		ABBF53C627AE9CE800337575 /* LaunchScreen.storyboard in Resources */ = {isa = PBXBuildFile; fileRef = ABBF53C427AE9CE800337575 /* LaunchScreen.storyboard */; };
		ABBF53D127AE9CE900337575 /* TasksTests.swift in Sources */ = {isa = PBXBuildFile; fileRef = ABBF53D027AE9CE900337575 /* TasksTests.swift */; };
		ABBF53DB27AE9CEA00337575 /* TasksUITests.swift in Sources */ = {isa = PBXBuildFile; fileRef = ABBF53DA27AE9CEA00337575 /* TasksUITests.swift */; };
		ABBF53DD27AE9CEA00337575 /* TasksUITestsLaunchTests.swift in Sources */ = {isa = PBXBuildFile; fileRef = ABBF53DC27AE9CEA00337575 /* TasksUITestsLaunchTests.swift */; };
		BABF5925A636A54BF159674B /* Pods_Tasks_TasksUITests.framework in Frameworks */ = {isa = PBXBuildFile; fileRef = E8406711E0D320F0E2A3CC7E /* Pods_Tasks_TasksUITests.framework */; };
/* End PBXBuildFile section */

/* Begin PBXContainerItemProxy section */
		ABBF53CD27AE9CE900337575 /* PBXContainerItemProxy */ = {
			isa = PBXContainerItemProxy;
			containerPortal = ABBF53AE27AE9CE400337575 /* Project object */;
			proxyType = 1;
			remoteGlobalIDString = ABBF53B527AE9CE400337575;
			remoteInfo = Tasks;
		};
		ABBF53D727AE9CEA00337575 /* PBXContainerItemProxy */ = {
			isa = PBXContainerItemProxy;
			containerPortal = ABBF53AE27AE9CE400337575 /* Project object */;
			proxyType = 1;
			remoteGlobalIDString = ABBF53B527AE9CE400337575;
			remoteInfo = Tasks;
		};
/* End PBXContainerItemProxy section */

/* Begin PBXFileReference section */
		435FC692184D08DC801F733D /* Pods-Tasks.release.xcconfig */ = {isa = PBXFileReference; includeInIndex = 1; lastKnownFileType = text.xcconfig; name = "Pods-Tasks.release.xcconfig"; path = "Target Support Files/Pods-Tasks/Pods-Tasks.release.xcconfig"; sourceTree = "<group>"; };
		570D4B80FA09046944B647FB /* Pods-Tasks-TasksUITests.debug.xcconfig */ = {isa = PBXFileReference; includeInIndex = 1; lastKnownFileType = text.xcconfig; name = "Pods-Tasks-TasksUITests.debug.xcconfig"; path = "Target Support Files/Pods-Tasks-TasksUITests/Pods-Tasks-TasksUITests.debug.xcconfig"; sourceTree = "<group>"; };
		A107DCD3420985C97AD00BCE /* Pods_Tasks.framework */ = {isa = PBXFileReference; explicitFileType = wrapper.framework; includeInIndex = 0; path = Pods_Tasks.framework; sourceTree = BUILT_PRODUCTS_DIR; };
		A915C291524011EBE543F45C /* Pods-TasksTests.release.xcconfig */ = {isa = PBXFileReference; includeInIndex = 1; lastKnownFileType = text.xcconfig; name = "Pods-TasksTests.release.xcconfig"; path = "Target Support Files/Pods-TasksTests/Pods-TasksTests.release.xcconfig"; sourceTree = "<group>"; };
		AB1BCF6D27AED89F0011E88C /* TasksTVCell.swift */ = {isa = PBXFileReference; lastKnownFileType = sourcecode.swift; path = TasksTVCell.swift; sourceTree = "<group>"; };
		AB1BCF7127AEE1B00011E88C /* ROTasks.swift */ = {isa = PBXFileReference; lastKnownFileType = sourcecode.swift; path = ROTasks.swift; sourceTree = "<group>"; };
		AB1BCF7327AEE2090011E88C /* RMTasks.swift */ = {isa = PBXFileReference; lastKnownFileType = sourcecode.swift; path = RMTasks.swift; sourceTree = "<group>"; };
		AB1BCF7527AEF6EE0011E88C /* EditTaskVC.swift */ = {isa = PBXFileReference; lastKnownFileType = sourcecode.swift; path = EditTaskVC.swift; sourceTree = "<group>"; };
		ABBF53B627AE9CE400337575 /* Tasks.app */ = {isa = PBXFileReference; explicitFileType = wrapper.application; includeInIndex = 0; path = Tasks.app; sourceTree = BUILT_PRODUCTS_DIR; };
		ABBF53B927AE9CE400337575 /* AppDelegate.swift */ = {isa = PBXFileReference; lastKnownFileType = sourcecode.swift; path = AppDelegate.swift; sourceTree = "<group>"; };
		ABBF53BD27AE9CE400337575 /* ViewController.swift */ = {isa = PBXFileReference; lastKnownFileType = sourcecode.swift; path = ViewController.swift; sourceTree = "<group>"; };
		ABBF53C027AE9CE400337575 /* Base */ = {isa = PBXFileReference; lastKnownFileType = file.storyboard; name = Base; path = Base.lproj/Main.storyboard; sourceTree = "<group>"; };
		ABBF53C227AE9CE800337575 /* Assets.xcassets */ = {isa = PBXFileReference; lastKnownFileType = folder.assetcatalog; path = Assets.xcassets; sourceTree = "<group>"; };
		ABBF53C527AE9CE800337575 /* Base */ = {isa = PBXFileReference; lastKnownFileType = file.storyboard; name = Base; path = Base.lproj/LaunchScreen.storyboard; sourceTree = "<group>"; };
		ABBF53C727AE9CE900337575 /* Info.plist */ = {isa = PBXFileReference; lastKnownFileType = text.plist.xml; path = Info.plist; sourceTree = "<group>"; };
		ABBF53CC27AE9CE900337575 /* TasksTests.xctest */ = {isa = PBXFileReference; explicitFileType = wrapper.cfbundle; includeInIndex = 0; path = TasksTests.xctest; sourceTree = BUILT_PRODUCTS_DIR; };
		ABBF53D027AE9CE900337575 /* TasksTests.swift */ = {isa = PBXFileReference; lastKnownFileType = sourcecode.swift; path = TasksTests.swift; sourceTree = "<group>"; };
		ABBF53D627AE9CEA00337575 /* TasksUITests.xctest */ = {isa = PBXFileReference; explicitFileType = wrapper.cfbundle; includeInIndex = 0; path = TasksUITests.xctest; sourceTree = BUILT_PRODUCTS_DIR; };
		ABBF53DA27AE9CEA00337575 /* TasksUITests.swift */ = {isa = PBXFileReference; lastKnownFileType = sourcecode.swift; path = TasksUITests.swift; sourceTree = "<group>"; };
		ABBF53DC27AE9CEA00337575 /* TasksUITestsLaunchTests.swift */ = {isa = PBXFileReference; lastKnownFileType = sourcecode.swift; path = TasksUITestsLaunchTests.swift; sourceTree = "<group>"; };
		BE76E253AB87F83B1DBFDEF9 /* Pods-Tasks.debug.xcconfig */ = {isa = PBXFileReference; includeInIndex = 1; lastKnownFileType = text.xcconfig; name = "Pods-Tasks.debug.xcconfig"; path = "Target Support Files/Pods-Tasks/Pods-Tasks.debug.xcconfig"; sourceTree = "<group>"; };
		D24BC4842F987E13E0449956 /* Pods_TasksTests.framework */ = {isa = PBXFileReference; explicitFileType = wrapper.framework; includeInIndex = 0; path = Pods_TasksTests.framework; sourceTree = BUILT_PRODUCTS_DIR; };
		E70436459B6522B9A2330D61 /* Pods-Tasks-TasksUITests.release.xcconfig */ = {isa = PBXFileReference; includeInIndex = 1; lastKnownFileType = text.xcconfig; name = "Pods-Tasks-TasksUITests.release.xcconfig"; path = "Target Support Files/Pods-Tasks-TasksUITests/Pods-Tasks-TasksUITests.release.xcconfig"; sourceTree = "<group>"; };
		E8406711E0D320F0E2A3CC7E /* Pods_Tasks_TasksUITests.framework */ = {isa = PBXFileReference; explicitFileType = wrapper.framework; includeInIndex = 0; path = Pods_Tasks_TasksUITests.framework; sourceTree = BUILT_PRODUCTS_DIR; };
		EF62D25AECD0BA9F7265B086 /* Pods-TasksTests.debug.xcconfig */ = {isa = PBXFileReference; includeInIndex = 1; lastKnownFileType = text.xcconfig; name = "Pods-TasksTests.debug.xcconfig"; path = "Target Support Files/Pods-TasksTests/Pods-TasksTests.debug.xcconfig"; sourceTree = "<group>"; };
/* End PBXFileReference section */

/* Begin PBXFrameworksBuildPhase section */
		ABBF53B327AE9CE400337575 /* Frameworks */ = {
			isa = PBXFrameworksBuildPhase;
			buildActionMask = 2147483647;
			files = (
				8476B87944DA06A9C2969CC0 /* Pods_Tasks.framework in Frameworks */,
			);
			runOnlyForDeploymentPostprocessing = 0;
		};
		ABBF53C927AE9CE900337575 /* Frameworks */ = {
			isa = PBXFrameworksBuildPhase;
			buildActionMask = 2147483647;
			files = (
				6F4ED9D770F0131DC72FE078 /* Pods_TasksTests.framework in Frameworks */,
			);
			runOnlyForDeploymentPostprocessing = 0;
		};
		ABBF53D327AE9CEA00337575 /* Frameworks */ = {
			isa = PBXFrameworksBuildPhase;
			buildActionMask = 2147483647;
			files = (
				BABF5925A636A54BF159674B /* Pods_Tasks_TasksUITests.framework in Frameworks */,
			);
			runOnlyForDeploymentPostprocessing = 0;
		};
/* End PBXFrameworksBuildPhase section */

/* Begin PBXGroup section */
		002430D12F556814024A087A /* Frameworks */ = {
			isa = PBXGroup;
			children = (
				A107DCD3420985C97AD00BCE /* Pods_Tasks.framework */,
				E8406711E0D320F0E2A3CC7E /* Pods_Tasks_TasksUITests.framework */,
				D24BC4842F987E13E0449956 /* Pods_TasksTests.framework */,
			);
			name = Frameworks;
			sourceTree = "<group>";
		};
		66D0619C94869F958897160D /* Pods */ = {
			isa = PBXGroup;
			children = (
				BE76E253AB87F83B1DBFDEF9 /* Pods-Tasks.debug.xcconfig */,
				435FC692184D08DC801F733D /* Pods-Tasks.release.xcconfig */,
				570D4B80FA09046944B647FB /* Pods-Tasks-TasksUITests.debug.xcconfig */,
				E70436459B6522B9A2330D61 /* Pods-Tasks-TasksUITests.release.xcconfig */,
				EF62D25AECD0BA9F7265B086 /* Pods-TasksTests.debug.xcconfig */,
				A915C291524011EBE543F45C /* Pods-TasksTests.release.xcconfig */,
			);
			path = Pods;
			sourceTree = "<group>";
		};
		AB1BCF7727AEFC120011E88C /* ViewController */ = {
			isa = PBXGroup;
			children = (
				ABBF53BD27AE9CE400337575 /* ViewController.swift */,
				AB1BCF7527AEF6EE0011E88C /* EditTaskVC.swift */,
			);
			path = ViewController;
			sourceTree = "<group>";
		};
		AB1BCF7827AEFC2C0011E88C /* TableViewCells */ = {
			isa = PBXGroup;
			children = (
				AB1BCF6D27AED89F0011E88C /* TasksTVCell.swift */,
			);
			path = TableViewCells;
			sourceTree = "<group>";
		};
		AB1BCF7927AEFC3A0011E88C /* Realm database */ = {
			isa = PBXGroup;
			children = (
				AB1BCF7A27AEFC4F0011E88C /* Realm Objects */,
				AB1BCF7B27AEFC5C0011E88C /* Realm Manager */,
			);
			path = "Realm database";
			sourceTree = "<group>";
		};
		AB1BCF7A27AEFC4F0011E88C /* Realm Objects */ = {
			isa = PBXGroup;
			children = (
				AB1BCF7127AEE1B00011E88C /* ROTasks.swift */,
			);
			path = "Realm Objects";
			sourceTree = "<group>";
		};
		AB1BCF7B27AEFC5C0011E88C /* Realm Manager */ = {
			isa = PBXGroup;
			children = (
				AB1BCF7327AEE2090011E88C /* RMTasks.swift */,
			);
			path = "Realm Manager";
			sourceTree = "<group>";
		};
		AB1BCF7C27AEFC8E0011E88C /* Storyboards */ = {
			isa = PBXGroup;
			children = (
				ABBF53BF27AE9CE400337575 /* Main.storyboard */,
				ABBF53C427AE9CE800337575 /* LaunchScreen.storyboard */,
			);
			path = Storyboards;
			sourceTree = "<group>";
		};
		ABBF53AD27AE9CE400337575 = {
			isa = PBXGroup;
			children = (
				ABBF53B827AE9CE400337575 /* Tasks */,
				ABBF53CF27AE9CE900337575 /* TasksTests */,
				ABBF53D927AE9CEA00337575 /* TasksUITests */,
				ABBF53B727AE9CE400337575 /* Products */,
				66D0619C94869F958897160D /* Pods */,
				002430D12F556814024A087A /* Frameworks */,
			);
			sourceTree = "<group>";
		};
		ABBF53B727AE9CE400337575 /* Products */ = {
			isa = PBXGroup;
			children = (
				ABBF53B627AE9CE400337575 /* Tasks.app */,
				ABBF53CC27AE9CE900337575 /* TasksTests.xctest */,
				ABBF53D627AE9CEA00337575 /* TasksUITests.xctest */,
			);
			name = Products;
			sourceTree = "<group>";
		};
		ABBF53B827AE9CE400337575 /* Tasks */ = {
			isa = PBXGroup;
			children = (
				ABBF53B927AE9CE400337575 /* AppDelegate.swift */,
				AB1BCF7727AEFC120011E88C /* ViewController */,
				AB1BCF7827AEFC2C0011E88C /* TableViewCells */,
				AB1BCF7927AEFC3A0011E88C /* Realm database */,
				AB1BCF7C27AEFC8E0011E88C /* Storyboards */,
				ABBF53C227AE9CE800337575 /* Assets.xcassets */,
				ABBF53C727AE9CE900337575 /* Info.plist */,
			);
			path = Tasks;
			sourceTree = "<group>";
		};
		ABBF53CF27AE9CE900337575 /* TasksTests */ = {
			isa = PBXGroup;
			children = (
				ABBF53D027AE9CE900337575 /* TasksTests.swift */,
			);
			path = TasksTests;
			sourceTree = "<group>";
		};
		ABBF53D927AE9CEA00337575 /* TasksUITests */ = {
			isa = PBXGroup;
			children = (
				ABBF53DA27AE9CEA00337575 /* TasksUITests.swift */,
				ABBF53DC27AE9CEA00337575 /* TasksUITestsLaunchTests.swift */,
			);
			path = TasksUITests;
			sourceTree = "<group>";
		};
/* End PBXGroup section */

/* Begin PBXNativeTarget section */
		ABBF53B527AE9CE400337575 /* Tasks */ = {
			isa = PBXNativeTarget;
			buildConfigurationList = ABBF53E027AE9CEA00337575 /* Build configuration list for PBXNativeTarget "Tasks" */;
			buildPhases = (
				5CF4A3E595C333F74D6402BC /* [CP] Check Pods Manifest.lock */,
				ABBF53B227AE9CE400337575 /* Sources */,
				ABBF53B327AE9CE400337575 /* Frameworks */,
				ABBF53B427AE9CE400337575 /* Resources */,
				2332EE479E620562D4764090 /* [CP] Embed Pods Frameworks */,
			);
			buildRules = (
			);
			dependencies = (
			);
			name = Tasks;
			productName = Tasks;
			productReference = ABBF53B627AE9CE400337575 /* Tasks.app */;
			productType = "com.apple.product-type.application";
		};
		ABBF53CB27AE9CE900337575 /* TasksTests */ = {
			isa = PBXNativeTarget;
			buildConfigurationList = ABBF53E327AE9CEA00337575 /* Build configuration list for PBXNativeTarget "TasksTests" */;
			buildPhases = (
				A57B05281BB19ABB807C1841 /* [CP] Check Pods Manifest.lock */,
				ABBF53C827AE9CE900337575 /* Sources */,
				ABBF53C927AE9CE900337575 /* Frameworks */,
				ABBF53CA27AE9CE900337575 /* Resources */,
			);
			buildRules = (
			);
			dependencies = (
				ABBF53CE27AE9CE900337575 /* PBXTargetDependency */,
			);
			name = TasksTests;
			productName = TasksTests;
			productReference = ABBF53CC27AE9CE900337575 /* TasksTests.xctest */;
			productType = "com.apple.product-type.bundle.unit-test";
		};
		ABBF53D527AE9CEA00337575 /* TasksUITests */ = {
			isa = PBXNativeTarget;
			buildConfigurationList = ABBF53E627AE9CEA00337575 /* Build configuration list for PBXNativeTarget "TasksUITests" */;
			buildPhases = (
				C629BA26F1A623B4158BAE0D /* [CP] Check Pods Manifest.lock */,
				ABBF53D227AE9CEA00337575 /* Sources */,
				ABBF53D327AE9CEA00337575 /* Frameworks */,
				ABBF53D427AE9CEA00337575 /* Resources */,
				221CE6E459C2445660ADA914 /* [CP] Embed Pods Frameworks */,
			);
			buildRules = (
			);
			dependencies = (
				ABBF53D827AE9CEA00337575 /* PBXTargetDependency */,
			);
			name = TasksUITests;
			productName = TasksUITests;
			productReference = ABBF53D627AE9CEA00337575 /* TasksUITests.xctest */;
			productType = "com.apple.product-type.bundle.ui-testing";
		};
/* End PBXNativeTarget section */

/* Begin PBXProject section */
		ABBF53AE27AE9CE400337575 /* Project object */ = {
			isa = PBXProject;
			attributes = {
				BuildIndependentTargetsInParallel = 1;
				LastSwiftUpdateCheck = 1310;
				LastUpgradeCheck = 1310;
				TargetAttributes = {
					ABBF53B527AE9CE400337575 = {
						CreatedOnToolsVersion = 13.1;
					};
					ABBF53CB27AE9CE900337575 = {
						CreatedOnToolsVersion = 13.1;
						TestTargetID = ABBF53B527AE9CE400337575;
					};
					ABBF53D527AE9CEA00337575 = {
						CreatedOnToolsVersion = 13.1;
						TestTargetID = ABBF53B527AE9CE400337575;
					};
				};
			};
			buildConfigurationList = ABBF53B127AE9CE400337575 /* Build configuration list for PBXProject "Tasks" */;
			compatibilityVersion = "Xcode 13.0";
			developmentRegion = en;
			hasScannedForEncodings = 0;
			knownRegions = (
				en,
				Base,
			);
			mainGroup = ABBF53AD27AE9CE400337575;
			productRefGroup = ABBF53B727AE9CE400337575 /* Products */;
			projectDirPath = "";
			projectRoot = "";
			targets = (
				ABBF53B527AE9CE400337575 /* Tasks */,
				ABBF53CB27AE9CE900337575 /* TasksTests */,
				ABBF53D527AE9CEA00337575 /* TasksUITests */,
			);
		};
/* End PBXProject section */

/* Begin PBXResourcesBuildPhase section */
		ABBF53B427AE9CE400337575 /* Resources */ = {
			isa = PBXResourcesBuildPhase;
			buildActionMask = 2147483647;
			files = (
				ABBF53C627AE9CE800337575 /* LaunchScreen.storyboard in Resources */,
				ABBF53C327AE9CE800337575 /* Assets.xcassets in Resources */,
				ABBF53C127AE9CE400337575 /* Main.storyboard in Resources */,
			);
			runOnlyForDeploymentPostprocessing = 0;
		};
		ABBF53CA27AE9CE900337575 /* Resources */ = {
			isa = PBXResourcesBuildPhase;
			buildActionMask = 2147483647;
			files = (
			);
			runOnlyForDeploymentPostprocessing = 0;
		};
		ABBF53D427AE9CEA00337575 /* Resources */ = {
			isa = PBXResourcesBuildPhase;
			buildActionMask = 2147483647;
			files = (
			);
			runOnlyForDeploymentPostprocessing = 0;
		};
/* End PBXResourcesBuildPhase section */

/* Begin PBXShellScriptBuildPhase section */
		221CE6E459C2445660ADA914 /* [CP] Embed Pods Frameworks */ = {
			isa = PBXShellScriptBuildPhase;
			buildActionMask = 2147483647;
			files = (
			);
			inputFileListPaths = (
				"${PODS_ROOT}/Target Support Files/Pods-Tasks-TasksUITests/Pods-Tasks-TasksUITests-frameworks-${CONFIGURATION}-input-files.xcfilelist",
			);
			name = "[CP] Embed Pods Frameworks";
			outputFileListPaths = (
				"${PODS_ROOT}/Target Support Files/Pods-Tasks-TasksUITests/Pods-Tasks-TasksUITests-frameworks-${CONFIGURATION}-output-files.xcfilelist",
			);
			runOnlyForDeploymentPostprocessing = 0;
			shellPath = /bin/sh;
			shellScript = "\"${PODS_ROOT}/Target Support Files/Pods-Tasks-TasksUITests/Pods-Tasks-TasksUITests-frameworks.sh\"\n";
			showEnvVarsInLog = 0;
		};
		2332EE479E620562D4764090 /* [CP] Embed Pods Frameworks */ = {
			isa = PBXShellScriptBuildPhase;
			buildActionMask = 2147483647;
			files = (
			);
			inputFileListPaths = (
				"${PODS_ROOT}/Target Support Files/Pods-Tasks/Pods-Tasks-frameworks-${CONFIGURATION}-input-files.xcfilelist",
			);
			name = "[CP] Embed Pods Frameworks";
			outputFileListPaths = (
				"${PODS_ROOT}/Target Support Files/Pods-Tasks/Pods-Tasks-frameworks-${CONFIGURATION}-output-files.xcfilelist",
			);
			runOnlyForDeploymentPostprocessing = 0;
			shellPath = /bin/sh;
			shellScript = "\"${PODS_ROOT}/Target Support Files/Pods-Tasks/Pods-Tasks-frameworks.sh\"\n";
			showEnvVarsInLog = 0;
		};
		5CF4A3E595C333F74D6402BC /* [CP] Check Pods Manifest.lock */ = {
			isa = PBXShellScriptBuildPhase;
			buildActionMask = 2147483647;
			files = (
			);
			inputFileListPaths = (
			);
			inputPaths = (
				"${PODS_PODFILE_DIR_PATH}/Podfile.lock",
				"${PODS_ROOT}/Manifest.lock",
			);
			name = "[CP] Check Pods Manifest.lock";
			outputFileListPaths = (
			);
			outputPaths = (
				"$(DERIVED_FILE_DIR)/Pods-Tasks-checkManifestLockResult.txt",
			);
			runOnlyForDeploymentPostprocessing = 0;
			shellPath = /bin/sh;
			shellScript = "diff \"${PODS_PODFILE_DIR_PATH}/Podfile.lock\" \"${PODS_ROOT}/Manifest.lock\" > /dev/null\nif [ $? != 0 ] ; then\n    # print error to STDERR\n    echo \"error: The sandbox is not in sync with the Podfile.lock. Run 'pod install' or update your CocoaPods installation.\" >&2\n    exit 1\nfi\n# This output is used by Xcode 'outputs' to avoid re-running this script phase.\necho \"SUCCESS\" > \"${SCRIPT_OUTPUT_FILE_0}\"\n";
			showEnvVarsInLog = 0;
		};
		A57B05281BB19ABB807C1841 /* [CP] Check Pods Manifest.lock */ = {
			isa = PBXShellScriptBuildPhase;
			buildActionMask = 2147483647;
			files = (
			);
			inputFileListPaths = (
			);
			inputPaths = (
				"${PODS_PODFILE_DIR_PATH}/Podfile.lock",
				"${PODS_ROOT}/Manifest.lock",
			);
			name = "[CP] Check Pods Manifest.lock";
			outputFileListPaths = (
			);
			outputPaths = (
				"$(DERIVED_FILE_DIR)/Pods-TasksTests-checkManifestLockResult.txt",
			);
			runOnlyForDeploymentPostprocessing = 0;
			shellPath = /bin/sh;
			shellScript = "diff \"${PODS_PODFILE_DIR_PATH}/Podfile.lock\" \"${PODS_ROOT}/Manifest.lock\" > /dev/null\nif [ $? != 0 ] ; then\n    # print error to STDERR\n    echo \"error: The sandbox is not in sync with the Podfile.lock. Run 'pod install' or update your CocoaPods installation.\" >&2\n    exit 1\nfi\n# This output is used by Xcode 'outputs' to avoid re-running this script phase.\necho \"SUCCESS\" > \"${SCRIPT_OUTPUT_FILE_0}\"\n";
			showEnvVarsInLog = 0;
		};
		C629BA26F1A623B4158BAE0D /* [CP] Check Pods Manifest.lock */ = {
			isa = PBXShellScriptBuildPhase;
			buildActionMask = 2147483647;
			files = (
			);
			inputFileListPaths = (
			);
			inputPaths = (
				"${PODS_PODFILE_DIR_PATH}/Podfile.lock",
				"${PODS_ROOT}/Manifest.lock",
			);
			name = "[CP] Check Pods Manifest.lock";
			outputFileListPaths = (
			);
			outputPaths = (
				"$(DERIVED_FILE_DIR)/Pods-Tasks-TasksUITests-checkManifestLockResult.txt",
			);
			runOnlyForDeploymentPostprocessing = 0;
			shellPath = /bin/sh;
			shellScript = "diff \"${PODS_PODFILE_DIR_PATH}/Podfile.lock\" \"${PODS_ROOT}/Manifest.lock\" > /dev/null\nif [ $? != 0 ] ; then\n    # print error to STDERR\n    echo \"error: The sandbox is not in sync with the Podfile.lock. Run 'pod install' or update your CocoaPods installation.\" >&2\n    exit 1\nfi\n# This output is used by Xcode 'outputs' to avoid re-running this script phase.\necho \"SUCCESS\" > \"${SCRIPT_OUTPUT_FILE_0}\"\n";
			showEnvVarsInLog = 0;
		};
/* End PBXShellScriptBuildPhase section */

/* Begin PBXSourcesBuildPhase section */
		ABBF53B227AE9CE400337575 /* Sources */ = {
			isa = PBXSourcesBuildPhase;
			buildActionMask = 2147483647;
			files = (
				ABBF53BE27AE9CE400337575 /* ViewController.swift in Sources */,
				AB1BCF7627AEF6EE0011E88C /* EditTaskVC.swift in Sources */,
				ABBF53BA27AE9CE400337575 /* AppDelegate.swift in Sources */,
				AB1BCF6E27AED89F0011E88C /* TasksTVCell.swift in Sources */,
				AB1BCF7427AEE2090011E88C /* RMTasks.swift in Sources */,
				AB1BCF7227AEE1B00011E88C /* ROTasks.swift in Sources */,
			);
			runOnlyForDeploymentPostprocessing = 0;
		};
		ABBF53C827AE9CE900337575 /* Sources */ = {
			isa = PBXSourcesBuildPhase;
			buildActionMask = 2147483647;
			files = (
				ABBF53D127AE9CE900337575 /* TasksTests.swift in Sources */,
			);
			runOnlyForDeploymentPostprocessing = 0;
		};
		ABBF53D227AE9CEA00337575 /* Sources */ = {
			isa = PBXSourcesBuildPhase;
			buildActionMask = 2147483647;
			files = (
				ABBF53DB27AE9CEA00337575 /* TasksUITests.swift in Sources */,
				ABBF53DD27AE9CEA00337575 /* TasksUITestsLaunchTests.swift in Sources */,
			);
			runOnlyForDeploymentPostprocessing = 0;
		};
/* End PBXSourcesBuildPhase section */

/* Begin PBXTargetDependency section */
		ABBF53CE27AE9CE900337575 /* PBXTargetDependency */ = {
			isa = PBXTargetDependency;
			target = ABBF53B527AE9CE400337575 /* Tasks */;
			targetProxy = ABBF53CD27AE9CE900337575 /* PBXContainerItemProxy */;
		};
		ABBF53D827AE9CEA00337575 /* PBXTargetDependency */ = {
			isa = PBXTargetDependency;
			target = ABBF53B527AE9CE400337575 /* Tasks */;
			targetProxy = ABBF53D727AE9CEA00337575 /* PBXContainerItemProxy */;
		};
/* End PBXTargetDependency section */

/* Begin PBXVariantGroup section */
		ABBF53BF27AE9CE400337575 /* Main.storyboard */ = {
			isa = PBXVariantGroup;
			children = (
				ABBF53C027AE9CE400337575 /* Base */,
			);
			name = Main.storyboard;
			sourceTree = "<group>";
		};
		ABBF53C427AE9CE800337575 /* LaunchScreen.storyboard */ = {
			isa = PBXVariantGroup;
			children = (
				ABBF53C527AE9CE800337575 /* Base */,
			);
			name = LaunchScreen.storyboard;
			sourceTree = "<group>";
		};
/* End PBXVariantGroup section */

/* Begin XCBuildConfiguration section */
		ABBF53DE27AE9CEA00337575 /* Debug */ = {
			isa = XCBuildConfiguration;
			buildSettings = {
				ALWAYS_SEARCH_USER_PATHS = NO;
				CLANG_ANALYZER_NONNULL = YES;
				CLANG_ANALYZER_NUMBER_OBJECT_CONVERSION = YES_AGGRESSIVE;
				CLANG_CXX_LANGUAGE_STANDARD = "gnu++17";
				CLANG_CXX_LIBRARY = "libc++";
				CLANG_ENABLE_MODULES = YES;
				CLANG_ENABLE_OBJC_ARC = YES;
				CLANG_ENABLE_OBJC_WEAK = YES;
				CLANG_WARN_BLOCK_CAPTURE_AUTORELEASING = YES;
				CLANG_WARN_BOOL_CONVERSION = YES;
				CLANG_WARN_COMMA = YES;
				CLANG_WARN_CONSTANT_CONVERSION = YES;
				CLANG_WARN_DEPRECATED_OBJC_IMPLEMENTATIONS = YES;
				CLANG_WARN_DIRECT_OBJC_ISA_USAGE = YES_ERROR;
				CLANG_WARN_DOCUMENTATION_COMMENTS = YES;
				CLANG_WARN_EMPTY_BODY = YES;
				CLANG_WARN_ENUM_CONVERSION = YES;
				CLANG_WARN_INFINITE_RECURSION = YES;
				CLANG_WARN_INT_CONVERSION = YES;
				CLANG_WARN_NON_LITERAL_NULL_CONVERSION = YES;
				CLANG_WARN_OBJC_IMPLICIT_RETAIN_SELF = YES;
				CLANG_WARN_OBJC_LITERAL_CONVERSION = YES;
				CLANG_WARN_OBJC_ROOT_CLASS = YES_ERROR;
				CLANG_WARN_QUOTED_INCLUDE_IN_FRAMEWORK_HEADER = YES;
				CLANG_WARN_RANGE_LOOP_ANALYSIS = YES;
				CLANG_WARN_STRICT_PROTOTYPES = YES;
				CLANG_WARN_SUSPICIOUS_MOVE = YES;
				CLANG_WARN_UNGUARDED_AVAILABILITY = YES_AGGRESSIVE;
				CLANG_WARN_UNREACHABLE_CODE = YES;
				CLANG_WARN__DUPLICATE_METHOD_MATCH = YES;
				COPY_PHASE_STRIP = NO;
				DEBUG_INFORMATION_FORMAT = dwarf;
				ENABLE_STRICT_OBJC_MSGSEND = YES;
				ENABLE_TESTABILITY = YES;
				GCC_C_LANGUAGE_STANDARD = gnu11;
				GCC_DYNAMIC_NO_PIC = NO;
				GCC_NO_COMMON_BLOCKS = YES;
				GCC_OPTIMIZATION_LEVEL = 0;
				GCC_PREPROCESSOR_DEFINITIONS = (
					"DEBUG=1",
					"$(inherited)",
				);
				GCC_WARN_64_TO_32_BIT_CONVERSION = YES;
				GCC_WARN_ABOUT_RETURN_TYPE = YES_ERROR;
				GCC_WARN_UNDECLARED_SELECTOR = YES;
				GCC_WARN_UNINITIALIZED_AUTOS = YES_AGGRESSIVE;
				GCC_WARN_UNUSED_FUNCTION = YES;
				GCC_WARN_UNUSED_VARIABLE = YES;
				IPHONEOS_DEPLOYMENT_TARGET = 15.0;
				MTL_ENABLE_DEBUG_INFO = INCLUDE_SOURCE;
				MTL_FAST_MATH = YES;
				ONLY_ACTIVE_ARCH = YES;
				SDKROOT = iphoneos;
				SWIFT_ACTIVE_COMPILATION_CONDITIONS = DEBUG;
				SWIFT_OPTIMIZATION_LEVEL = "-Onone";
			};
			name = Debug;
		};
		ABBF53DF27AE9CEA00337575 /* Release */ = {
			isa = XCBuildConfiguration;
			buildSettings = {
				ALWAYS_SEARCH_USER_PATHS = NO;
				CLANG_ANALYZER_NONNULL = YES;
				CLANG_ANALYZER_NUMBER_OBJECT_CONVERSION = YES_AGGRESSIVE;
				CLANG_CXX_LANGUAGE_STANDARD = "gnu++17";
				CLANG_CXX_LIBRARY = "libc++";
				CLANG_ENABLE_MODULES = YES;
				CLANG_ENABLE_OBJC_ARC = YES;
				CLANG_ENABLE_OBJC_WEAK = YES;
				CLANG_WARN_BLOCK_CAPTURE_AUTORELEASING = YES;
				CLANG_WARN_BOOL_CONVERSION = YES;
				CLANG_WARN_COMMA = YES;
				CLANG_WARN_CONSTANT_CONVERSION = YES;
				CLANG_WARN_DEPRECATED_OBJC_IMPLEMENTATIONS = YES;
				CLANG_WARN_DIRECT_OBJC_ISA_USAGE = YES_ERROR;
				CLANG_WARN_DOCUMENTATION_COMMENTS = YES;
				CLANG_WARN_EMPTY_BODY = YES;
				CLANG_WARN_ENUM_CONVERSION = YES;
				CLANG_WARN_INFINITE_RECURSION = YES;
				CLANG_WARN_INT_CONVERSION = YES;
				CLANG_WARN_NON_LITERAL_NULL_CONVERSION = YES;
				CLANG_WARN_OBJC_IMPLICIT_RETAIN_SELF = YES;
				CLANG_WARN_OBJC_LITERAL_CONVERSION = YES;
				CLANG_WARN_OBJC_ROOT_CLASS = YES_ERROR;
				CLANG_WARN_QUOTED_INCLUDE_IN_FRAMEWORK_HEADER = YES;
				CLANG_WARN_RANGE_LOOP_ANALYSIS = YES;
				CLANG_WARN_STRICT_PROTOTYPES = YES;
				CLANG_WARN_SUSPICIOUS_MOVE = YES;
				CLANG_WARN_UNGUARDED_AVAILABILITY = YES_AGGRESSIVE;
				CLANG_WARN_UNREACHABLE_CODE = YES;
				CLANG_WARN__DUPLICATE_METHOD_MATCH = YES;
				COPY_PHASE_STRIP = NO;
				DEBUG_INFORMATION_FORMAT = "dwarf-with-dsym";
				ENABLE_NS_ASSERTIONS = NO;
				ENABLE_STRICT_OBJC_MSGSEND = YES;
				GCC_C_LANGUAGE_STANDARD = gnu11;
				GCC_NO_COMMON_BLOCKS = YES;
				GCC_WARN_64_TO_32_BIT_CONVERSION = YES;
				GCC_WARN_ABOUT_RETURN_TYPE = YES_ERROR;
				GCC_WARN_UNDECLARED_SELECTOR = YES;
				GCC_WARN_UNINITIALIZED_AUTOS = YES_AGGRESSIVE;
				GCC_WARN_UNUSED_FUNCTION = YES;
				GCC_WARN_UNUSED_VARIABLE = YES;
				IPHONEOS_DEPLOYMENT_TARGET = 15.0;
				MTL_ENABLE_DEBUG_INFO = NO;
				MTL_FAST_MATH = YES;
				SDKROOT = iphoneos;
				SWIFT_COMPILATION_MODE = wholemodule;
				SWIFT_OPTIMIZATION_LEVEL = "-O";
				VALIDATE_PRODUCT = YES;
			};
			name = Release;
		};
		ABBF53E127AE9CEA00337575 /* Debug */ = {
			isa = XCBuildConfiguration;
			baseConfigurationReference = BE76E253AB87F83B1DBFDEF9 /* Pods-Tasks.debug.xcconfig */;
			buildSettings = {
				ASSETCATALOG_COMPILER_APPICON_NAME = AppIcon;
				ASSETCATALOG_COMPILER_GLOBAL_ACCENT_COLOR_NAME = AccentColor;
				CODE_SIGN_STYLE = Automatic;
				CURRENT_PROJECT_VERSION = 1;
				GENERATE_INFOPLIST_FILE = YES;
				INFOPLIST_FILE = Tasks/Info.plist;
				INFOPLIST_KEY_UIApplicationSupportsIndirectInputEvents = YES;
				INFOPLIST_KEY_UILaunchStoryboardName = LaunchScreen;
				INFOPLIST_KEY_UIMainStoryboardFile = Main;
				INFOPLIST_KEY_UISupportedInterfaceOrientations_iPad = "UIInterfaceOrientationPortrait UIInterfaceOrientationPortraitUpsideDown UIInterfaceOrientationLandscapeLeft UIInterfaceOrientationLandscapeRight";
				INFOPLIST_KEY_UISupportedInterfaceOrientations_iPhone = "UIInterfaceOrientationPortrait UIInterfaceOrientationLandscapeLeft UIInterfaceOrientationLandscapeRight";
				LD_RUNPATH_SEARCH_PATHS = (
					"$(inherited)",
					"@executable_path/Frameworks",
				);
				MARKETING_VERSION = 1.0;
				PRODUCT_BUNDLE_IDENTIFIER = com.grouppal.tasks.Tasks;
				PRODUCT_NAME = "$(TARGET_NAME)";
				SWIFT_EMIT_LOC_STRINGS = YES;
				SWIFT_VERSION = 5.0;
				TARGETED_DEVICE_FAMILY = "1,2";
			};
			name = Debug;
		};
		ABBF53E227AE9CEA00337575 /* Release */ = {
			isa = XCBuildConfiguration;
			baseConfigurationReference = 435FC692184D08DC801F733D /* Pods-Tasks.release.xcconfig */;
			buildSettings = {
				ASSETCATALOG_COMPILER_APPICON_NAME = AppIcon;
				ASSETCATALOG_COMPILER_GLOBAL_ACCENT_COLOR_NAME = AccentColor;
				CODE_SIGN_STYLE = Automatic;
				CURRENT_PROJECT_VERSION = 1;
				GENERATE_INFOPLIST_FILE = YES;
				INFOPLIST_FILE = Tasks/Info.plist;
				INFOPLIST_KEY_UIApplicationSupportsIndirectInputEvents = YES;
				INFOPLIST_KEY_UILaunchStoryboardName = LaunchScreen;
				INFOPLIST_KEY_UIMainStoryboardFile = Main;
				INFOPLIST_KEY_UISupportedInterfaceOrientations_iPad = "UIInterfaceOrientationPortrait UIInterfaceOrientationPortraitUpsideDown UIInterfaceOrientationLandscapeLeft UIInterfaceOrientationLandscapeRight";
				INFOPLIST_KEY_UISupportedInterfaceOrientations_iPhone = "UIInterfaceOrientationPortrait UIInterfaceOrientationLandscapeLeft UIInterfaceOrientationLandscapeRight";
				LD_RUNPATH_SEARCH_PATHS = (
					"$(inherited)",
					"@executable_path/Frameworks",
				);
				MARKETING_VERSION = 1.0;
				PRODUCT_BUNDLE_IDENTIFIER = com.grouppal.tasks.Tasks;
				PRODUCT_NAME = "$(TARGET_NAME)";
				SWIFT_EMIT_LOC_STRINGS = YES;
				SWIFT_VERSION = 5.0;
				TARGETED_DEVICE_FAMILY = "1,2";
			};
			name = Release;
		};
		ABBF53E427AE9CEA00337575 /* Debug */ = {
			isa = XCBuildConfiguration;
			baseConfigurationReference = EF62D25AECD0BA9F7265B086 /* Pods-TasksTests.debug.xcconfig */;
			buildSettings = {
				ALWAYS_EMBED_SWIFT_STANDARD_LIBRARIES = YES;
				BUNDLE_LOADER = "$(TEST_HOST)";
				CODE_SIGN_STYLE = Automatic;
				CURRENT_PROJECT_VERSION = 1;
				GENERATE_INFOPLIST_FILE = YES;
				IPHONEOS_DEPLOYMENT_TARGET = 15.0;
				LD_RUNPATH_SEARCH_PATHS = (
					"$(inherited)",
					"@executable_path/Frameworks",
					"@loader_path/Frameworks",
				);
				MARKETING_VERSION = 1.0;
				PRODUCT_BUNDLE_IDENTIFIER = com.grouppal.tasks.TasksTests;
				PRODUCT_NAME = "$(TARGET_NAME)";
				SWIFT_EMIT_LOC_STRINGS = NO;
				SWIFT_VERSION = 5.0;
				TARGETED_DEVICE_FAMILY = "1,2";
				TEST_HOST = "$(BUILT_PRODUCTS_DIR)/Tasks.app/Tasks";
			};
			name = Debug;
		};
		ABBF53E527AE9CEA00337575 /* Release */ = {
			isa = XCBuildConfiguration;
			baseConfigurationReference = A915C291524011EBE543F45C /* Pods-TasksTests.release.xcconfig */;
			buildSettings = {
				ALWAYS_EMBED_SWIFT_STANDARD_LIBRARIES = YES;
				BUNDLE_LOADER = "$(TEST_HOST)";
				CODE_SIGN_STYLE = Automatic;
				CURRENT_PROJECT_VERSION = 1;
				GENERATE_INFOPLIST_FILE = YES;
				IPHONEOS_DEPLOYMENT_TARGET = 15.0;
				LD_RUNPATH_SEARCH_PATHS = (
					"$(inherited)",
					"@executable_path/Frameworks",
					"@loader_path/Frameworks",
				);
				MARKETING_VERSION = 1.0;
				PRODUCT_BUNDLE_IDENTIFIER = com.grouppal.tasks.TasksTests;
				PRODUCT_NAME = "$(TARGET_NAME)";
				SWIFT_EMIT_LOC_STRINGS = NO;
				SWIFT_VERSION = 5.0;
				TARGETED_DEVICE_FAMILY = "1,2";
				TEST_HOST = "$(BUILT_PRODUCTS_DIR)/Tasks.app/Tasks";
			};
			name = Release;
		};
		ABBF53E727AE9CEA00337575 /* Debug */ = {
			isa = XCBuildConfiguration;
			baseConfigurationReference = 570D4B80FA09046944B647FB /* Pods-Tasks-TasksUITests.debug.xcconfig */;
			buildSettings = {
				ALWAYS_EMBED_SWIFT_STANDARD_LIBRARIES = YES;
				CODE_SIGN_STYLE = Automatic;
				CURRENT_PROJECT_VERSION = 1;
				GENERATE_INFOPLIST_FILE = YES;
				LD_RUNPATH_SEARCH_PATHS = (
					"$(inherited)",
					"@executable_path/Frameworks",
					"@loader_path/Frameworks",
				);
				MARKETING_VERSION = 1.0;
				PRODUCT_BUNDLE_IDENTIFIER = com.grouppal.tasks.TasksUITests;
				PRODUCT_NAME = "$(TARGET_NAME)";
				SWIFT_EMIT_LOC_STRINGS = NO;
				SWIFT_VERSION = 5.0;
				TARGETED_DEVICE_FAMILY = "1,2";
				TEST_TARGET_NAME = Tasks;
			};
			name = Debug;
		};
		ABBF53E827AE9CEA00337575 /* Release */ = {
			isa = XCBuildConfiguration;
			baseConfigurationReference = E70436459B6522B9A2330D61 /* Pods-Tasks-TasksUITests.release.xcconfig */;
			buildSettings = {
				ALWAYS_EMBED_SWIFT_STANDARD_LIBRARIES = YES;
				CODE_SIGN_STYLE = Automatic;
				CURRENT_PROJECT_VERSION = 1;
				GENERATE_INFOPLIST_FILE = YES;
				LD_RUNPATH_SEARCH_PATHS = (
					"$(inherited)",
					"@executable_path/Frameworks",
					"@loader_path/Frameworks",
				);
				MARKETING_VERSION = 1.0;
				PRODUCT_BUNDLE_IDENTIFIER = com.grouppal.tasks.TasksUITests;
				PRODUCT_NAME = "$(TARGET_NAME)";
				SWIFT_EMIT_LOC_STRINGS = NO;
				SWIFT_VERSION = 5.0;
				TARGETED_DEVICE_FAMILY = "1,2";
				TEST_TARGET_NAME = Tasks;
			};
			name = Release;
		};
/* End XCBuildConfiguration section */

/* Begin XCConfigurationList section */
		ABBF53B127AE9CE400337575 /* Build configuration list for PBXProject "Tasks" */ = {
			isa = XCConfigurationList;
			buildConfigurations = (
				ABBF53DE27AE9CEA00337575 /* Debug */,
				ABBF53DF27AE9CEA00337575 /* Release */,
			);
			defaultConfigurationIsVisible = 0;
			defaultConfigurationName = Release;
		};
		ABBF53E027AE9CEA00337575 /* Build configuration list for PBXNativeTarget "Tasks" */ = {
			isa = XCConfigurationList;
			buildConfigurations = (
				ABBF53E127AE9CEA00337575 /* Debug */,
				ABBF53E227AE9CEA00337575 /* Release */,
			);
			defaultConfigurationIsVisible = 0;
			defaultConfigurationName = Release;
		};
		ABBF53E327AE9CEA00337575 /* Build configuration list for PBXNativeTarget "TasksTests" */ = {
			isa = XCConfigurationList;
			buildConfigurations = (
				ABBF53E427AE9CEA00337575 /* Debug */,
				ABBF53E527AE9CEA00337575 /* Release */,
			);
			defaultConfigurationIsVisible = 0;
			defaultConfigurationName = Release;
		};
		ABBF53E627AE9CEA00337575 /* Build configuration list for PBXNativeTarget "TasksUITests" */ = {
			isa = XCConfigurationList;
			buildConfigurations = (
				ABBF53E727AE9CEA00337575 /* Debug */,
				ABBF53E827AE9CEA00337575 /* Release */,
			);
			defaultConfigurationIsVisible = 0;
			defaultConfigurationName = Release;
		};
/* End XCConfigurationList section */
	};
	rootObject = ABBF53AE27AE9CE400337575 /* Project object */;
}
